
Microsoft Visual Studio Solution File, Format Version 12.00
# Visual Studio Version 17
VisualStudioVersion = 17.5.002.0
MinimumVisualStudioVersion = 10.0.40219.1
Project("{9A19103F-16F7-4668-BE54-9A1E7A4F7556}") = "MyApi", "MyApi\MyApi.csproj", "{4E76536F-47FB-4AC9-907D-BFE65A81E340}"
EndProject
Project("{FAE04EC0-301F-11D3-BF4B-00C04F79EFBC}") = "MyApi.UnitTests", "MyApi.Tests\MyApi.UnitTests.csproj", "{B1CDBFA3-1794-4575-8806-3825F2EA4F9C}"
EndProject
Project("{FAE04EC0-301F-11D3-BF4B-00C04F79EFBC}") = "MyApi.IntegrationTests", "MyApi.IntegrationTests\MyApi.IntegrationTests.csproj", "{B755D280-1954-4288-9EE9-F0341C721C49}"
EndProject
Global
	GlobalSection(SolutionConfigurationPlatforms) = preSolution
		Debug|Any CPU = Debug|Any CPU
		Release|Any CPU = Release|Any CPU
	EndGlobalSection
	GlobalSection(ProjectConfigurationPlatforms) = postSolution
		{4E76536F-47FB-4AC9-907D-BFE65A81E340}.Debug|Any CPU.ActiveCfg = Debug|Any CPU
		{4E76536F-47FB-4AC9-907D-BFE65A81E340}.Debug|Any CPU.Build.0 = Debug|Any CPU
		{4E76536F-47FB-4AC9-907D-BFE65A81E340}.Release|Any CPU.ActiveCfg = Release|Any CPU
		{4E76536F-47FB-4AC9-907D-BFE65A81E340}.Release|Any CPU.Build.0 = Release|Any CPU
		{B1CDBFA3-1794-4575-8806-3825F2EA4F9C}.Debug|Any CPU.ActiveCfg = Debug|Any CPU
		{B1CDBFA3-1794-4575-8806-3825F2EA4F9C}.Debug|Any CPU.Build.0 = Debug|Any CPU
		{B1CDBFA3-1794-4575-8806-3825F2EA4F9C}.Release|Any CPU.ActiveCfg = Release|Any CPU
		{B1CDBFA3-1794-4575-8806-3825F2EA4F9C}.Release|Any CPU.Build.0 = Release|Any CPU
		{B755D280-1954-4288-9EE9-F0341C721C49}.Debug|Any CPU.ActiveCfg = Debug|Any CPU
		{B755D280-1954-4288-9EE9-F0341C721C49}.Debug|Any CPU.Build.0 = Debug|Any CPU
		{B755D280-1954-4288-9EE9-F0341C721C49}.Release|Any CPU.ActiveCfg = Release|Any CPU
		{B755D280-1954-4288-9EE9-F0341C721C49}.Release|Any CPU.Build.0 = Release|Any CPU
	EndGlobalSection
	GlobalSection(SolutionProperties) = preSolution
		HideSolutionNode = FALSE
	EndGlobalSection
	GlobalSection(ExtensibilityGlobals) = postSolution
		SolutionGuid = {1E9F561C-D800-4076-8564-741D61719BFF}
	EndGlobalSection
EndGlobal
